
Microsoft Visual Studio Solution File, Format Version 12.00
# Visual Studio 2012
Project("{FAE04EC0-301F-11D3-BF4B-00C04F79EFBC}") = "RibbonDemo", "RibbonDemo\RibbonDemo.csproj", "{B72F4D92-C1BB-4466-A2A1-CF1F30B0BBBE}"
EndProject
Project("{FAE04EC0-301F-11D3-BF4B-00C04F79EFBC}") = "System.Windows.Forms.Ribbon35", "System.Windows.Forms.Ribbon\System.Windows.Forms.Ribbon35.csproj", "{46A18A55-5AE8-49CE-91CD-C7421B642E7E}"
EndProject
Project("{F184B08F-C81C-45F6-A57F-5ABD9991F28F}") = "VbDemo", "VbDemo\VbDemo.vbproj", "{B959B91E-4C2A-4725-B04E-69C803C03AC2}"
EndProject
Global
	GlobalSection(TeamFoundationVersionControl) = preSolution
		SccNumberOfProjects = 3
		SccEnterpriseProvider = {4CA58AB2-18FA-4F8D-95D4-32DDF27D184C}
		SccTeamFoundationServer = https://tfs.codeplex.com/tfs/tfs27
		SccProjectUniqueName0 = RibbonDemo\\RibbonDemo.csproj
		SccProjectName0 = RibbonDemo
		SccLocalPath0 = RibbonDemo
		SccProjectUniqueName1 = System.Windows.Forms.Ribbon\\System.Windows.Forms.Ribbon35.csproj
		SccProjectName1 = System.Windows.Forms.Ribbon
		SccLocalPath1 = System.Windows.Forms.Ribbon
		SccLocalPath2 = .
	EndGlobalSection
	GlobalSection(SolutionConfigurationPlatforms) = preSolution
		Debug|Any CPU = Debug|Any CPU
		Release|Any CPU = Release|Any CPU
	EndGlobalSection
	GlobalSection(ProjectConfigurationPlatforms) = postSolution
		{B72F4D92-C1BB-4466-A2A1-CF1F30B0BBBE}.Debug|Any CPU.ActiveCfg = Debug|Any CPU
		{B72F4D92-C1BB-4466-A2A1-CF1F30B0BBBE}.Debug|Any CPU.Build.0 = Debug|Any CPU
		{B72F4D92-C1BB-4466-A2A1-CF1F30B0BBBE}.Release|Any CPU.ActiveCfg = Release|Any CPU
		{B72F4D92-C1BB-4466-A2A1-CF1F30B0BBBE}.Release|Any CPU.Build.0 = Release|Any CPU
		{46A18A55-5AE8-49CE-91CD-C7421B642E7E}.Debug|Any CPU.ActiveCfg = Debug|Any CPU
		{46A18A55-5AE8-49CE-91CD-C7421B642E7E}.Debug|Any CPU.Build.0 = Debug|Any CPU
		{46A18A55-5AE8-49CE-91CD-C7421B642E7E}.Release|Any CPU.ActiveCfg = Release|Any CPU
		{46A18A55-5AE8-49CE-91CD-C7421B642E7E}.Release|Any CPU.Build.0 = Release|Any CPU
		{B959B91E-4C2A-4725-B04E-69C803C03AC2}.Debug|Any CPU.ActiveCfg = Debug|Any CPU
		{B959B91E-4C2A-4725-B04E-69C803C03AC2}.Debug|Any CPU.Build.0 = Debug|Any CPU
		{B959B91E-4C2A-4725-B04E-69C803C03AC2}.Release|Any CPU.ActiveCfg = Release|Any CPU
		{B959B91E-4C2A-4725-B04E-69C803C03AC2}.Release|Any CPU.Build.0 = Release|Any CPU
	EndGlobalSection
	GlobalSection(SolutionProperties) = preSolution
		HideSolutionNode = FALSE
	EndGlobalSection
EndGlobal
